{
  "name": "@chill-sharp/chill-cli",
  "version": "1.1.24",
  "lockfileVersion": 3,
  "requires": true,
  "packages": {
    "": {
      "name": "@chill-sharp/chill-cli",
      "version": "1.1.24",
      "license": "AGPL-3.0-or-later",
      "bin": {
        "chill": "bin/chill.mjs"
      },
      "engines": {
        "node": ">=20"
      }
    }
  }
}
